
Microsoft Visual Studio Solution File, Format Version 12.00
# Visual Studio Version 17
VisualStudioVersion = 17.0.31903.59
MinimumVisualStudioVersion = 10.0.40219.1
Project("{FAE04EC0-301F-11D3-BF4B-00C04F79EFBC}") = "Tasks.Tests", "Tasks.Tests\Tasks.Tests.csproj", "{AE1C285D-6CB9-4AD1-B472-98269F4A466A}"
EndProject
Project("{FAE04EC0-301F-11D3-BF4B-00C04F79EFBC}") = "Tasks", "Tasks\Tasks.csproj", "{E2D1BF9D-6E3C-4F91-B721-6B96F843BE36}"
EndProject
Global
	GlobalSection(SolutionConfigurationPlatforms) = preSolution
		Debug|Any CPU = Debug|Any CPU
		Release|Any CPU = Release|Any CPU
	EndGlobalSection
	GlobalSection(SolutionProperties) = preSolution
		HideSolutionNode = FALSE
	EndGlobalSection
	GlobalSection(ProjectConfigurationPlatforms) = postSolution
		{AE1C285D-6CB9-4AD1-B472-98269F4A466A}.Debug|Any CPU.ActiveCfg = Debug|Any CPU
		{AE1C285D-6CB9-4AD1-B472-98269F4A466A}.Debug|Any CPU.Build.0 = Debug|Any CPU
		{AE1C285D-6CB9-4AD1-B472-98269F4A466A}.Release|Any CPU.ActiveCfg = Release|Any CPU
		{AE1C285D-6CB9-4AD1-B472-98269F4A466A}.Release|Any CPU.Build.0 = Release|Any CPU
		{E2D1BF9D-6E3C-4F91-B721-6B96F843BE36}.Debug|Any CPU.ActiveCfg = Debug|Any CPU
		{E2D1BF9D-6E3C-4F91-B721-6B96F843BE36}.Debug|Any CPU.Build.0 = Debug|Any CPU
		{E2D1BF9D-6E3C-4F91-B721-6B96F843BE36}.Release|Any CPU.ActiveCfg = Release|Any CPU
		{E2D1BF9D-6E3C-4F91-B721-6B96F843BE36}.Release|Any CPU.Build.0 = Release|Any CPU
	EndGlobalSection
EndGlobal
